Microsoft Visual Studio Solution File, Format Version 11.00
# Visual Studio 2008

Project("{AF89039B-1272-1C6F-BD27-AB97D06694AA}") = "MinorFantasy", "Assembly-CSharp.csproj", "{D3CD1845-AD79-9EC8-C350-79A955824011}"
EndProject
Project("{AF89039B-1272-1C6F-BD27-AB97D06694AA}") = "MinorFantasy", "Assembly-CSharp-Editor.csproj", "{BB977E36-B982-1618-C272-75A338A5F045}"
EndProject
Global
	GlobalSection(SolutionConfigurationPlatforms) = preSolution
		Debug|Any CPU = Debug|Any CPU
		Release|Any CPU = Release|Any CPU
	EndGlobalSection
	GlobalSection(ProjectConfigurationPlatforms) = postSolution
		{D3CD1845-AD79-9EC8-C350-79A955824011}.Debug|Any CPU.ActiveCfg = Debug|Any CPU
		{D3CD1845-AD79-9EC8-C350-79A955824011}.Debug|Any CPU.Build.0 = Debug|Any CPU
		{D3CD1845-AD79-9EC8-C350-79A955824011}.Release|Any CPU.ActiveCfg = Release|Any CPU
		{D3CD1845-AD79-9EC8-C350-79A955824011}.Release|Any CPU.Build.0 = Release|Any CPU
		{BB977E36-B982-1618-C272-75A338A5F045}.Debug|Any CPU.ActiveCfg = Debug|Any CPU
		{BB977E36-B982-1618-C272-75A338A5F045}.Debug|Any CPU.Build.0 = Debug|Any CPU
		{BB977E36-B982-1618-C272-75A338A5F045}.Release|Any CPU.ActiveCfg = Release|Any CPU
		{BB977E36-B982-1618-C272-75A338A5F045}.Release|Any CPU.Build.0 = Release|Any CPU
	EndGlobalSection
	GlobalSection(SolutionProperties) = preSolution
		HideSolutionNode = FALSE
	EndGlobalSection
	GlobalSection(MonoDevelopProperties) = preSolution
		StartupItem = Assembly-CSharp.csproj
	EndGlobalSection
EndGlobal
